{
  "nodes": {
    "blade-treesitter": {
      "flake": false,
      "locked": {
        "lastModified": 1756128549,
        "narHash": "sha256-3/gY68F+xOF5Fv6rK9cEIJCVDzg/3ap1/gzkEacGuy4=",
        "owner": "EmranMR",
        "repo": "tree-sitter-blade",
        "rev": "cc764dadcbbceb3f259396fef66f970c72e94f96",
        "type": "github"
      },
      "original": {
        "owner": "EmranMR",
        "repo": "tree-sitter-blade",
        "type": "github"
      }
    },
    "flake-parts": {
      "inputs": {
        "nixpkgs-lib": [
          "neovim-nightly-overlay",
          "nixpkgs"
        ]
      },
      "locked": {
        "lastModified": 1763759067,
        "narHash": "sha256-LlLt2Jo/gMNYAwOgdRQBrsRoOz7BPRkzvNaI/fzXi2Q=",
        "owner": "hercules-ci",
        "repo": "flake-parts",
        "rev": "2cccadc7357c0ba201788ae99c4dfa90728ef5e0",
        "type": "github"
      },
      "original": {
        "owner": "hercules-ci",
        "repo": "flake-parts",
        "type": "github"
      }
    },
    "neovim-nightly-overlay": {
      "inputs": {
        "flake-parts": "flake-parts",
        "neovim-src": "neovim-src",
        "nixpkgs": "nixpkgs"
      },
      "locked": {
        "lastModified": 1764633920,
        "narHash": "sha256-kGypzQxhJAwnfTNIfHRDTFO2PYbspU+OBfQBD6ncZU4=",
        "owner": "nix-community",
        "repo": "neovim-nightly-overlay",
        "rev": "1da4af182bc9cede73ec72a7e14c69ca5087faeb",
        "type": "github"
      },
      "original": {
        "owner": "nix-community",
        "repo": "neovim-nightly-overlay",
        "type": "github"
      }
    },
    "neovim-src": {
      "flake": false,
      "locked": {
        "lastModified": 1764626050,
        "narHash": "sha256-Ils7KcQgF3Pdv9LUp7NTkDlmI16uH060RTlTo+zClcg=",
        "owner": "neovim",
        "repo": "neovim",
        "rev": "b058a801e7515dd09154f60d7de0219f92635fb8",
        "type": "github"
      },
      "original": {
        "owner": "neovim",
        "repo": "neovim",
        "type": "github"
      }
    },
    "nixCats": {
      "locked": {
        "lastModified": 1764009888,
        "narHash": "sha256-hJekfTiW1792txgRSM4LcHnz1lDSY87LYbsJEn2V378=",
        "owner": "BirdeeHub",
        "repo": "nixCats-nvim",
        "rev": "16ac3281f322ea15d39843829e42a44d22da3715",
        "type": "github"
      },
      "original": {
        "owner": "BirdeeHub",
        "repo": "nixCats-nvim",
        "type": "github"
      }
    },
    "nixpkgs": {
      "locked": {
        "lastModified": 1764587062,
        "narHash": "sha256-hdFa0TAVQAQLDF31cEW3enWmBP+b592OvHs6WVe3D8k=",
        "owner": "NixOS",
        "repo": "nixpkgs",
        "rev": "c1cb7d097cb250f6e1904aacd5f2ba5ffd8a49ce",
        "type": "github"
      },
      "original": {
        "owner": "NixOS",
        "ref": "nixpkgs-unstable",
        "repo": "nixpkgs",
        "type": "github"
      }
    },
    "nixpkgs_2": {
      "locked": {
        "lastModified": 1764611609,
        "narHash": "sha256-yU9BNcP0oadUKupw0UKmO9BKDOVIg9NStdJosEbXf8U=",
        "owner": "nixos",
        "repo": "nixpkgs",
        "rev": "8c29968b3a942f2903f90797f9623737c215737c",
        "type": "github"
      },
      "original": {
        "owner": "nixos",
        "ref": "nixpkgs-unstable",
        "repo": "nixpkgs",
        "type": "github"
      }
    },
    "plugins-debugmaster.nvim": {
      "flake": false,
      "locked": {
        "lastModified": 1752666818,
        "narHash": "sha256-pdgS0z8KdLsl7VexbPaRPtYc2lebzAgTtM3B52IaCpQ=",
        "owner": "miroshQa",
        "repo": "debugmaster.nvim",
        "rev": "3d144b98c2c23f39123fbf5f10fdff7d6480a0e6",
        "type": "github"
      },
      "original": {
        "owner": "miroshQa",
        "repo": "debugmaster.nvim",
        "type": "github"
      }
    },
    "plugins-git-worktree.nvim": {
      "flake": false,
      "locked": {
        "lastModified": 1739627460,
        "narHash": "sha256-fnqJqQTNei+8Gk4vZ2hjRj8iHBXTZT15xp9FvhGB+BQ=",
        "owner": "polarmutex",
        "repo": "git-worktree.nvim",
        "rev": "3ad8c17a3d178ac19be925284389c14114638ebb",
        "type": "github"
      },
      "original": {
        "owner": "polarmutex",
        "repo": "git-worktree.nvim",
        "type": "github"
      }
    },
    "plugins-laravel.nvim": {
      "flake": false,
      "locked": {
        "lastModified": 1763492907,
        "narHash": "sha256-x9i7rKMvv8CHzLLezqDksqHl+3cgwaY6A67tz/Txkkg=",
        "owner": "adalessa",
        "repo": "laravel.nvim",
        "rev": "80e3621096cc2ce35079096a0a4a3f5cbb19b95f",
        "type": "github"
      },
      "original": {
        "owner": "adalessa",
        "repo": "laravel.nvim",
        "type": "github"
      }
    },
    "plugins-marker-groups.nvim": {
      "flake": false,
      "locked": {
        "lastModified": 1756996822,
        "narHash": "sha256-Zb0hNij65m9KB+xCwaPSP7VnnTooKjLGI/uD9lfhcTY=",
        "owner": "jameswolensky",
        "repo": "marker-groups.nvim",
        "rev": "4b2507b2dfdeafba83b534c2b8e46ddc551ac686",
        "type": "github"
      },
      "original": {
        "owner": "jameswolensky",
        "repo": "marker-groups.nvim",
        "type": "github"
      }
    },
    "plugins-menu": {
      "flake": false,
      "locked": {
        "lastModified": 1748784363,
        "narHash": "sha256-4GfQ6Mo32rsoQAXKZF9Bpnm/sms2hfbrTldpLp5ySoY=",
        "owner": "nvzone",
        "repo": "menu",
        "rev": "7a0a4a2896b715c066cfbe320bdc048091874cc6",
        "type": "github"
      },
      "original": {
        "owner": "nvzone",
        "repo": "menu",
        "type": "github"
      }
    },
    "plugins-neotest-pest": {
      "flake": false,
      "locked": {
        "lastModified": 1754573996,
        "narHash": "sha256-S1GzSJwIHQfwozSBEJ0TX5k9UVfctdquk3m30kE7AHk=",
        "owner": "V13Axel",
        "repo": "neotest-pest",
        "rev": "1429445746f28a4ce887289ea6e442430629e306",
        "type": "github"
      },
      "original": {
        "owner": "V13Axel",
        "repo": "neotest-pest",
        "type": "github"
      }
    },
    "plugins-opencode.nvim": {
      "flake": false,
      "locked": {
        "lastModified": 1764601156,
        "narHash": "sha256-P+tBjQqFuOtqsvnPRUtaruAyn1o54qIWoL+/fXxhEH8=",
        "owner": "NickvanDyke",
        "repo": "opencode.nvim",
        "rev": "dfcbe2bb07532ba7a7cc5947dada90d4560bcd44",
        "type": "github"
      },
      "original": {
        "owner": "NickvanDyke",
        "repo": "opencode.nvim",
        "type": "github"
      }
    },
    "plugins-php-lsp-utils": {
      "flake": false,
      "locked": {
        "lastModified": 1744612476,
        "narHash": "sha256-fNtlsTwSUJ69cXOpjMIxD7sZdVgn+dMHdhrgn7VcuV8=",
        "owner": "adalessa",
        "repo": "php-lsp-utils",
        "rev": "02ce97a78fe886b7fc27242086034bf3be562f6a",
        "type": "github"
      },
      "original": {
        "owner": "adalessa",
        "repo": "php-lsp-utils",
        "type": "github"
      }
    },
    "plugins-snacks.nvim": {
      "flake": false,
      "locked": {
        "lastModified": 1763464072,
        "narHash": "sha256-vRedYg29QGPGW0hOX9qbRSIImh1d/SoDZHImDF2oqKM=",
        "owner": "folke",
        "repo": "snacks.nvim",
        "rev": "fe7cfe9800a182274d0f868a74b7263b8c0c020b",
        "type": "github"
      },
      "original": {
        "owner": "folke",
        "repo": "snacks.nvim",
        "type": "github"
      }
    },
    "plugins-volt": {
      "flake": false,
      "locked": {
        "lastModified": 1757754135,
        "narHash": "sha256-5Xao1+QXZOvqwCXL6zWpckJPO1LDb8I7wtikMRFQ3Jk=",
        "owner": "nvzone",
        "repo": "volt",
        "rev": "620de1321f275ec9d80028c68d1b88b409c0c8b1",
        "type": "github"
      },
      "original": {
        "owner": "nvzone",
        "repo": "volt",
        "type": "github"
      }
    },
    "root": {
      "inputs": {
        "blade-treesitter": "blade-treesitter",
        "neovim-nightly-overlay": "neovim-nightly-overlay",
        "nixCats": "nixCats",
        "nixpkgs": "nixpkgs_2",
        "plugins-debugmaster.nvim": "plugins-debugmaster.nvim",
        "plugins-git-worktree.nvim": "plugins-git-worktree.nvim",
        "plugins-laravel.nvim": "plugins-laravel.nvim",
        "plugins-marker-groups.nvim": "plugins-marker-groups.nvim",
        "plugins-menu": "plugins-menu",
        "plugins-neotest-pest": "plugins-neotest-pest",
        "plugins-opencode.nvim": "plugins-opencode.nvim",
        "plugins-php-lsp-utils": "plugins-php-lsp-utils",
        "plugins-snacks.nvim": "plugins-snacks.nvim",
        "plugins-volt": "plugins-volt"
      }
    }
  },
  "root": "root",
  "version": 7
}
