{
  "nodes": {
    "blade-treesitter": {
      "flake": false,
      "locked": {
        "lastModified": 1756128549,
        "narHash": "sha256-3/gY68F+xOF5Fv6rK9cEIJCVDzg/3ap1/gzkEacGuy4=",
        "owner": "EmranMR",
        "repo": "tree-sitter-blade",
        "rev": "cc764dadcbbceb3f259396fef66f970c72e94f96",
        "type": "github"
      },
      "original": {
        "owner": "EmranMR",
        "repo": "tree-sitter-blade",
        "type": "github"
      }
    },
    "flake-parts": {
      "inputs": {
        "nixpkgs-lib": [
          "neovim-nightly-overlay",
          "nixpkgs"
        ]
      },
      "locked": {
        "lastModified": 1763759067,
        "narHash": "sha256-LlLt2Jo/gMNYAwOgdRQBrsRoOz7BPRkzvNaI/fzXi2Q=",
        "owner": "hercules-ci",
        "repo": "flake-parts",
        "rev": "2cccadc7357c0ba201788ae99c4dfa90728ef5e0",
        "type": "github"
      },
      "original": {
        "owner": "hercules-ci",
        "repo": "flake-parts",
        "type": "github"
      }
    },
    "neovim-nightly-overlay": {
      "inputs": {
        "flake-parts": "flake-parts",
        "neovim-src": "neovim-src",
        "nixpkgs": "nixpkgs"
      },
      "locked": {
        "lastModified": 1764893090,
        "narHash": "sha256-naw156xz74qxknaejCZ2hixYhYLjXimE50IomaaK9iY=",
        "owner": "nix-community",
        "repo": "neovim-nightly-overlay",
        "rev": "ae7496a3de1668b2177ce3597743018cbdfa105a",
        "type": "github"
      },
      "original": {
        "owner": "nix-community",
        "repo": "neovim-nightly-overlay",
        "type": "github"
      }
    },
    "neovim-src": {
      "flake": false,
      "locked": {
        "lastModified": 1764891485,
        "narHash": "sha256-i6r1KYury1zaHLoKppNw/Zhi1MUmOsllm0f99VdgUKU=",
        "owner": "neovim",
        "repo": "neovim",
        "rev": "e8fdc7ef9ac67f666a58e307d82263eb2fc92a3f",
        "type": "github"
      },
      "original": {
        "owner": "neovim",
        "repo": "neovim",
        "type": "github"
      }
    },
    "nixCats": {
      "locked": {
        "lastModified": 1764009888,
        "narHash": "sha256-hJekfTiW1792txgRSM4LcHnz1lDSY87LYbsJEn2V378=",
        "owner": "BirdeeHub",
        "repo": "nixCats-nvim",
        "rev": "16ac3281f322ea15d39843829e42a44d22da3715",
        "type": "github"
      },
      "original": {
        "owner": "BirdeeHub",
        "repo": "nixCats-nvim",
        "type": "github"
      }
    },
    "nixpkgs": {
      "locked": {
        "lastModified": 1764824325,
        "narHash": "sha256-+pfHiiRFFvtTrWzCxAR98ObNeGPiiVL4VKJ03UFeKHo=",
        "owner": "NixOS",
        "repo": "nixpkgs",
        "rev": "821f1a2ebab0f13d6d65170d6bd7d2b3a182efdb",
        "type": "github"
      },
      "original": {
        "owner": "NixOS",
        "ref": "nixpkgs-unstable",
        "repo": "nixpkgs",
        "type": "github"
      }
    },
    "nixpkgs_2": {
      "locked": {
        "lastModified": 1764856222,
        "narHash": "sha256-yEJmtoFu4cJre1NuU4fb8q57Oux+NTbocnALtJ64aEI=",
        "owner": "nixos",
        "repo": "nixpkgs",
        "rev": "ece6e266caf1effab32eceef0403b797b4330373",
        "type": "github"
      },
      "original": {
        "owner": "nixos",
        "ref": "nixpkgs-unstable",
        "repo": "nixpkgs",
        "type": "github"
      }
    },
    "plugins-debugmaster.nvim": {
      "flake": false,
      "locked": {
        "lastModified": 1752666818,
        "narHash": "sha256-pdgS0z8KdLsl7VexbPaRPtYc2lebzAgTtM3B52IaCpQ=",
        "owner": "miroshQa",
        "repo": "debugmaster.nvim",
        "rev": "3d144b98c2c23f39123fbf5f10fdff7d6480a0e6",
        "type": "github"
      },
      "original": {
        "owner": "miroshQa",
        "repo": "debugmaster.nvim",
        "type": "github"
      }
    },
    "plugins-git-worktree.nvim": {
      "flake": false,
      "locked": {
        "lastModified": 1739627460,
        "narHash": "sha256-fnqJqQTNei+8Gk4vZ2hjRj8iHBXTZT15xp9FvhGB+BQ=",
        "owner": "polarmutex",
        "repo": "git-worktree.nvim",
        "rev": "3ad8c17a3d178ac19be925284389c14114638ebb",
        "type": "github"
      },
      "original": {
        "owner": "polarmutex",
        "repo": "git-worktree.nvim",
        "type": "github"
      }
    },
    "plugins-laravel.nvim": {
      "flake": false,
      "locked": {
        "lastModified": 1764788521,
        "narHash": "sha256-UHbc3FwkIF6BVjA8FDriliU0CnPogBPJp/M9wvlvnsg=",
        "owner": "adalessa",
        "repo": "laravel.nvim",
        "rev": "b00d6a4ef331bb623b9c5d8aef13b36b816730f7",
        "type": "github"
      },
      "original": {
        "owner": "adalessa",
        "repo": "laravel.nvim",
        "type": "github"
      }
    },
    "plugins-marker-groups.nvim": {
      "flake": false,
      "locked": {
        "lastModified": 1756996822,
        "narHash": "sha256-Zb0hNij65m9KB+xCwaPSP7VnnTooKjLGI/uD9lfhcTY=",
        "owner": "jameswolensky",
        "repo": "marker-groups.nvim",
        "rev": "4b2507b2dfdeafba83b534c2b8e46ddc551ac686",
        "type": "github"
      },
      "original": {
        "owner": "jameswolensky",
        "repo": "marker-groups.nvim",
        "type": "github"
      }
    },
    "plugins-neotest-pest": {
      "flake": false,
      "locked": {
        "lastModified": 1754573996,
        "narHash": "sha256-S1GzSJwIHQfwozSBEJ0TX5k9UVfctdquk3m30kE7AHk=",
        "owner": "V13Axel",
        "repo": "neotest-pest",
        "rev": "1429445746f28a4ce887289ea6e442430629e306",
        "type": "github"
      },
      "original": {
        "owner": "V13Axel",
        "repo": "neotest-pest",
        "type": "github"
      }
    },
    "plugins-opencode.nvim": {
      "flake": false,
      "locked": {
        "lastModified": 1764876788,
        "narHash": "sha256-nKOsHgMptHnOS+SCTHa77sQ/ZiUY0aW26I8GN7ocRHE=",
        "owner": "NickvanDyke",
        "repo": "opencode.nvim",
        "rev": "963fad75f794deb85d1c310d2e2cb033da44f670",
        "type": "github"
      },
      "original": {
        "owner": "NickvanDyke",
        "repo": "opencode.nvim",
        "type": "github"
      }
    },
    "root": {
      "inputs": {
        "blade-treesitter": "blade-treesitter",
        "neovim-nightly-overlay": "neovim-nightly-overlay",
        "nixCats": "nixCats",
        "nixpkgs": "nixpkgs_2",
        "plugins-debugmaster.nvim": "plugins-debugmaster.nvim",
        "plugins-git-worktree.nvim": "plugins-git-worktree.nvim",
        "plugins-laravel.nvim": "plugins-laravel.nvim",
        "plugins-marker-groups.nvim": "plugins-marker-groups.nvim",
        "plugins-neotest-pest": "plugins-neotest-pest",
        "plugins-opencode.nvim": "plugins-opencode.nvim"
      }
    }
  },
  "root": "root",
  "version": 7
}
