{
  "nodes": {
    "blade-treesitter": {
      "flake": false,
      "locked": {
        "lastModified": 1756128549,
        "narHash": "sha256-3/gY68F+xOF5Fv6rK9cEIJCVDzg/3ap1/gzkEacGuy4=",
        "owner": "EmranMR",
        "repo": "tree-sitter-blade",
        "rev": "cc764dadcbbceb3f259396fef66f970c72e94f96",
        "type": "github"
      },
      "original": {
        "owner": "EmranMR",
        "repo": "tree-sitter-blade",
        "type": "github"
      }
    },
    "flake-compat": {
      "flake": false,
      "locked": {
        "lastModified": 1747046372,
        "narHash": "sha256-CIVLLkVgvHYbgI2UpXvIIBJ12HWgX+fjA8Xf8PUmqCY=",
        "owner": "edolstra",
        "repo": "flake-compat",
        "rev": "9100a0f413b0c601e0533d1d94ffd501ce2e7885",
        "type": "github"
      },
      "original": {
        "owner": "edolstra",
        "repo": "flake-compat",
        "type": "github"
      }
    },
    "flake-compat_2": {
      "flake": false,
      "locked": {
        "lastModified": 1747046372,
        "narHash": "sha256-CIVLLkVgvHYbgI2UpXvIIBJ12HWgX+fjA8Xf8PUmqCY=",
        "owner": "edolstra",
        "repo": "flake-compat",
        "rev": "9100a0f413b0c601e0533d1d94ffd501ce2e7885",
        "type": "github"
      },
      "original": {
        "owner": "edolstra",
        "repo": "flake-compat",
        "type": "github"
      }
    },
    "flake-parts": {
      "inputs": {
        "nixpkgs-lib": [
          "mcp-hub",
          "nixpkgs"
        ]
      },
      "locked": {
        "lastModified": 1743550720,
        "narHash": "sha256-hIshGgKZCgWh6AYJpJmRgFdR3WUbkY04o82X05xqQiY=",
        "owner": "hercules-ci",
        "repo": "flake-parts",
        "rev": "c621e8422220273271f52058f618c94e405bb0f5",
        "type": "github"
      },
      "original": {
        "owner": "hercules-ci",
        "repo": "flake-parts",
        "type": "github"
      }
    },
    "flake-parts_2": {
      "inputs": {
        "nixpkgs-lib": [
          "mcp-hub-nvim",
          "nixpkgs"
        ]
      },
      "locked": {
        "lastModified": 1743550720,
        "narHash": "sha256-hIshGgKZCgWh6AYJpJmRgFdR3WUbkY04o82X05xqQiY=",
        "owner": "hercules-ci",
        "repo": "flake-parts",
        "rev": "c621e8422220273271f52058f618c94e405bb0f5",
        "type": "github"
      },
      "original": {
        "owner": "hercules-ci",
        "repo": "flake-parts",
        "type": "github"
      }
    },
    "flake-parts_3": {
      "inputs": {
        "nixpkgs-lib": [
          "neovim-nightly-overlay",
          "nixpkgs"
        ]
      },
      "locked": {
        "lastModified": 1756770412,
        "narHash": "sha256-+uWLQZccFHwqpGqr2Yt5VsW/PbeJVTn9Dk6SHWhNRPw=",
        "owner": "hercules-ci",
        "repo": "flake-parts",
        "rev": "4524271976b625a4a605beefd893f270620fd751",
        "type": "github"
      },
      "original": {
        "owner": "hercules-ci",
        "repo": "flake-parts",
        "type": "github"
      }
    },
    "flake-parts_4": {
      "inputs": {
        "nixpkgs-lib": [
          "neovim-nightly-overlay",
          "hercules-ci-effects",
          "nixpkgs"
        ]
      },
      "locked": {
        "lastModified": 1754487366,
        "narHash": "sha256-pHYj8gUBapuUzKV/kN/tR3Zvqc7o6gdFB9XKXIp1SQ8=",
        "owner": "hercules-ci",
        "repo": "flake-parts",
        "rev": "af66ad14b28a127c5c0f3bbb298218fc63528a18",
        "type": "github"
      },
      "original": {
        "id": "flake-parts",
        "type": "indirect"
      }
    },
    "git-hooks": {
      "inputs": {
        "flake-compat": "flake-compat_2",
        "gitignore": "gitignore",
        "nixpkgs": [
          "neovim-nightly-overlay",
          "nixpkgs"
        ]
      },
      "locked": {
        "lastModified": 1757588530,
        "narHash": "sha256-tJ7A8mID3ct69n9WCvZ3PzIIl3rXTdptn/lZmqSS95U=",
        "owner": "cachix",
        "repo": "git-hooks.nix",
        "rev": "b084b2c2b6bc23e83bbfe583b03664eb0b18c411",
        "type": "github"
      },
      "original": {
        "owner": "cachix",
        "repo": "git-hooks.nix",
        "type": "github"
      }
    },
    "gitignore": {
      "inputs": {
        "nixpkgs": [
          "neovim-nightly-overlay",
          "git-hooks",
          "nixpkgs"
        ]
      },
      "locked": {
        "lastModified": 1709087332,
        "narHash": "sha256-HG2cCnktfHsKV0s4XW83gU3F57gaTljL9KNSuG6bnQs=",
        "owner": "hercules-ci",
        "repo": "gitignore.nix",
        "rev": "637db329424fd7e46cf4185293b9cc8c88c95394",
        "type": "github"
      },
      "original": {
        "owner": "hercules-ci",
        "repo": "gitignore.nix",
        "type": "github"
      }
    },
    "hercules-ci-effects": {
      "inputs": {
        "flake-parts": "flake-parts_4",
        "nixpkgs": [
          "neovim-nightly-overlay",
          "nixpkgs"
        ]
      },
      "locked": {
        "lastModified": 1755233722,
        "narHash": "sha256-AavrbMltJKcC2Fx0lfJoZfmy7g87ebXU0ddVenhajLA=",
        "owner": "hercules-ci",
        "repo": "hercules-ci-effects",
        "rev": "99e03e72e3f7e13506f80ef9ebaedccb929d84d0",
        "type": "github"
      },
      "original": {
        "owner": "hercules-ci",
        "repo": "hercules-ci-effects",
        "type": "github"
      }
    },
    "mcp-hub": {
      "inputs": {
        "flake-parts": "flake-parts",
        "nixpkgs": "nixpkgs"
      },
      "locked": {
        "lastModified": 1755841689,
        "narHash": "sha256-KakvXZf0vjdqzyT+LsAKHEr4GLICGXPmxl1hZ3tI7Yg=",
        "owner": "ravitemer",
        "repo": "mcp-hub",
        "rev": "9c7670a4c341ed3cf738a6242c0fde1cea40bccf",
        "type": "github"
      },
      "original": {
        "owner": "ravitemer",
        "repo": "mcp-hub",
        "type": "github"
      }
    },
    "mcp-hub-nvim": {
      "inputs": {
        "flake-parts": "flake-parts_2",
        "nixpkgs": "nixpkgs_2"
      },
      "locked": {
        "lastModified": 1757229710,
        "narHash": "sha256-qmvkQTKJ4Qt2SL+d9pGtmLAPVmCYAFnflf0e0BX1wYM=",
        "owner": "ravitemer",
        "repo": "mcphub.nvim",
        "rev": "5e39057c4405bc7b83ef9fd38a37d18c9330e403",
        "type": "github"
      },
      "original": {
        "owner": "ravitemer",
        "repo": "mcphub.nvim",
        "type": "github"
      }
    },
    "neovim-nightly-overlay": {
      "inputs": {
        "flake-compat": "flake-compat",
        "flake-parts": "flake-parts_3",
        "git-hooks": "git-hooks",
        "hercules-ci-effects": "hercules-ci-effects",
        "neovim-src": "neovim-src",
        "nixpkgs": "nixpkgs_3",
        "treefmt-nix": "treefmt-nix"
      },
      "locked": {
        "lastModified": 1757722174,
        "narHash": "sha256-hVzgeeNXawNFm5VVUae003R7Fpli79S2q15yjEwpeEM=",
        "owner": "nix-community",
        "repo": "neovim-nightly-overlay",
        "rev": "8dc8deaa9d5d7dd531f64ed7ec166e9c8c9770dd",
        "type": "github"
      },
      "original": {
        "owner": "nix-community",
        "repo": "neovim-nightly-overlay",
        "type": "github"
      }
    },
    "neovim-src": {
      "flake": false,
      "locked": {
        "lastModified": 1757649425,
        "narHash": "sha256-fcPDXXItx1TZOvF2JHYKX/c+flWTS+aWSaKaaEMNrAs=",
        "owner": "neovim",
        "repo": "neovim",
        "rev": "cf9b7a37cc3cf0ba934865626e1f392e956a59b1",
        "type": "github"
      },
      "original": {
        "owner": "neovim",
        "repo": "neovim",
        "type": "github"
      }
    },
    "nixCats": {
      "locked": {
        "lastModified": 1757649271,
        "narHash": "sha256-ibIge275+cw7rdrHnIQlPhv0ydOPmDvYR852U/m3kHY=",
        "owner": "BirdeeHub",
        "repo": "nixCats-nvim",
        "rev": "adf4a129b8e05971b564340f39622590b27c46f1",
        "type": "github"
      },
      "original": {
        "owner": "BirdeeHub",
        "repo": "nixCats-nvim",
        "type": "github"
      }
    },
    "nixpkgs": {
      "locked": {
        "lastModified": 1743689281,
        "narHash": "sha256-y7Hg5lwWhEOgflEHRfzSH96BOt26LaYfrYWzZ+VoVdg=",
        "owner": "NixOS",
        "repo": "nixpkgs",
        "rev": "2bfc080955153be0be56724be6fa5477b4eefabb",
        "type": "github"
      },
      "original": {
        "owner": "NixOS",
        "ref": "nixpkgs-unstable",
        "repo": "nixpkgs",
        "type": "github"
      }
    },
    "nixpkgs-stable": {
      "locked": {
        "lastModified": 1751274312,
        "narHash": "sha256-/bVBlRpECLVzjV19t5KMdMFWSwKLtb5RyXdjz3LJT+g=",
        "owner": "nixos",
        "repo": "nixpkgs",
        "rev": "50ab793786d9de88ee30ec4e4c24fb4236fc2674",
        "type": "github"
      },
      "original": {
        "owner": "nixos",
        "ref": "nixos-24.11",
        "repo": "nixpkgs",
        "type": "github"
      }
    },
    "nixpkgs_2": {
      "locked": {
        "lastModified": 1745377448,
        "narHash": "sha256-jhZDfXVKdD7TSEGgzFJQvEEZ2K65UMiqW5YJ2aIqxMA=",
        "owner": "nixos",
        "repo": "nixpkgs",
        "rev": "507b63021ada5fee621b6ca371c4fca9ca46f52c",
        "type": "github"
      },
      "original": {
        "owner": "nixos",
        "ref": "nixpkgs-unstable",
        "repo": "nixpkgs",
        "type": "github"
      }
    },
    "nixpkgs_3": {
      "locked": {
        "lastModified": 1757651841,
        "narHash": "sha256-Lh9QoMzTjY/O4LqNwcm6s/WSYStDmCH6f3V/izwlkHc=",
        "owner": "NixOS",
        "repo": "nixpkgs",
        "rev": "ad4e6dd68c30bc8bd1860a27bc6f0c485bd7f3b6",
        "type": "github"
      },
      "original": {
        "owner": "NixOS",
        "ref": "nixpkgs-unstable",
        "repo": "nixpkgs",
        "type": "github"
      }
    },
    "nixpkgs_4": {
      "locked": {
        "lastModified": 1757686808,
        "narHash": "sha256-PL+Z3OrNpFNHddbsBaxeojYkWObYc2NlyhTmsmpt+hc=",
        "owner": "nixos",
        "repo": "nixpkgs",
        "rev": "098982b6eca9b809cc2f583e733338f5a36b3ad8",
        "type": "github"
      },
      "original": {
        "owner": "nixos",
        "ref": "nixpkgs-unstable",
        "repo": "nixpkgs",
        "type": "github"
      }
    },
    "plugins-debugmaster.nvim": {
      "flake": false,
      "locked": {
        "lastModified": 1752666818,
        "narHash": "sha256-pdgS0z8KdLsl7VexbPaRPtYc2lebzAgTtM3B52IaCpQ=",
        "owner": "miroshQa",
        "repo": "debugmaster.nvim",
        "rev": "3d144b98c2c23f39123fbf5f10fdff7d6480a0e6",
        "type": "github"
      },
      "original": {
        "owner": "miroshQa",
        "repo": "debugmaster.nvim",
        "type": "github"
      }
    },
    "plugins-git-worktree.nvim": {
      "flake": false,
      "locked": {
        "lastModified": 1739627460,
        "narHash": "sha256-fnqJqQTNei+8Gk4vZ2hjRj8iHBXTZT15xp9FvhGB+BQ=",
        "owner": "polarmutex",
        "repo": "git-worktree.nvim",
        "rev": "3ad8c17a3d178ac19be925284389c14114638ebb",
        "type": "github"
      },
      "original": {
        "owner": "polarmutex",
        "repo": "git-worktree.nvim",
        "type": "github"
      }
    },
    "plugins-laravel.nvim": {
      "flake": false,
      "locked": {
        "lastModified": 1757753496,
        "narHash": "sha256-3YjE+NeaciXCOo6OdgKApP1Rx/zu4ln+0Dey3oviUs0=",
        "owner": "adalessa",
        "repo": "laravel.nvim",
        "rev": "efc1520589dbfe1a14804391f0fcbaae7aed5b46",
        "type": "github"
      },
      "original": {
        "owner": "adalessa",
        "repo": "laravel.nvim",
        "type": "github"
      }
    },
    "plugins-marker-groups.nvim": {
      "flake": false,
      "locked": {
        "lastModified": 1756996822,
        "narHash": "sha256-Zb0hNij65m9KB+xCwaPSP7VnnTooKjLGI/uD9lfhcTY=",
        "owner": "jameswolensky",
        "repo": "marker-groups.nvim",
        "rev": "4b2507b2dfdeafba83b534c2b8e46ddc551ac686",
        "type": "github"
      },
      "original": {
        "owner": "jameswolensky",
        "repo": "marker-groups.nvim",
        "type": "github"
      }
    },
    "plugins-menu": {
      "flake": false,
      "locked": {
        "lastModified": 1748784363,
        "narHash": "sha256-4GfQ6Mo32rsoQAXKZF9Bpnm/sms2hfbrTldpLp5ySoY=",
        "owner": "nvzone",
        "repo": "menu",
        "rev": "7a0a4a2896b715c066cfbe320bdc048091874cc6",
        "type": "github"
      },
      "original": {
        "owner": "nvzone",
        "repo": "menu",
        "type": "github"
      }
    },
    "plugins-neotest-pest": {
      "flake": false,
      "locked": {
        "lastModified": 1754573996,
        "narHash": "sha256-S1GzSJwIHQfwozSBEJ0TX5k9UVfctdquk3m30kE7AHk=",
        "owner": "V13Axel",
        "repo": "neotest-pest",
        "rev": "1429445746f28a4ce887289ea6e442430629e306",
        "type": "github"
      },
      "original": {
        "owner": "V13Axel",
        "repo": "neotest-pest",
        "type": "github"
      }
    },
    "plugins-opencode.nvim": {
      "flake": false,
      "locked": {
        "lastModified": 1757710148,
        "narHash": "sha256-Ke9X/zQTHb9hTQIkt7kjEjF1TxXPtmZuOU8fUq7FhPI=",
        "owner": "NickvanDyke",
        "repo": "opencode.nvim",
        "rev": "a535683aaf20da3d8fa36d4d1efc988a660e6f9f",
        "type": "github"
      },
      "original": {
        "owner": "NickvanDyke",
        "repo": "opencode.nvim",
        "type": "github"
      }
    },
    "plugins-php-lsp-utils": {
      "flake": false,
      "locked": {
        "lastModified": 1744612476,
        "narHash": "sha256-fNtlsTwSUJ69cXOpjMIxD7sZdVgn+dMHdhrgn7VcuV8=",
        "owner": "adalessa",
        "repo": "php-lsp-utils",
        "rev": "02ce97a78fe886b7fc27242086034bf3be562f6a",
        "type": "github"
      },
      "original": {
        "owner": "adalessa",
        "repo": "php-lsp-utils",
        "type": "github"
      }
    },
    "plugins-snacks.nvim": {
      "flake": false,
      "locked": {
        "lastModified": 1740868622,
        "narHash": "sha256-Gw0Bp2YeoESiBLs3NPnqke3xwEjuiQDDU1CPofrhtig=",
        "owner": "folke",
        "repo": "snacks.nvim",
        "rev": "bc0630e43be5699bb94dadc302c0d21615421d93",
        "type": "github"
      },
      "original": {
        "owner": "folke",
        "repo": "snacks.nvim",
        "type": "github"
      }
    },
    "plugins-volt": {
      "flake": false,
      "locked": {
        "lastModified": 1757754135,
        "narHash": "sha256-5Xao1+QXZOvqwCXL6zWpckJPO1LDb8I7wtikMRFQ3Jk=",
        "owner": "nvzone",
        "repo": "volt",
        "rev": "620de1321f275ec9d80028c68d1b88b409c0c8b1",
        "type": "github"
      },
      "original": {
        "owner": "nvzone",
        "repo": "volt",
        "type": "github"
      }
    },
    "root": {
      "inputs": {
        "blade-treesitter": "blade-treesitter",
        "mcp-hub": "mcp-hub",
        "mcp-hub-nvim": "mcp-hub-nvim",
        "neovim-nightly-overlay": "neovim-nightly-overlay",
        "nixCats": "nixCats",
        "nixpkgs": "nixpkgs_4",
        "nixpkgs-stable": "nixpkgs-stable",
        "plugins-debugmaster.nvim": "plugins-debugmaster.nvim",
        "plugins-git-worktree.nvim": "plugins-git-worktree.nvim",
        "plugins-laravel.nvim": "plugins-laravel.nvim",
        "plugins-marker-groups.nvim": "plugins-marker-groups.nvim",
        "plugins-menu": "plugins-menu",
        "plugins-neotest-pest": "plugins-neotest-pest",
        "plugins-opencode.nvim": "plugins-opencode.nvim",
        "plugins-php-lsp-utils": "plugins-php-lsp-utils",
        "plugins-snacks.nvim": "plugins-snacks.nvim",
        "plugins-volt": "plugins-volt"
      }
    },
    "treefmt-nix": {
      "inputs": {
        "nixpkgs": [
          "neovim-nightly-overlay",
          "nixpkgs"
        ]
      },
      "locked": {
        "lastModified": 1756662192,
        "narHash": "sha256-F1oFfV51AE259I85av+MAia221XwMHCOtZCMcZLK2Jk=",
        "owner": "numtide",
        "repo": "treefmt-nix",
        "rev": "1aabc6c05ccbcbf4a635fb7a90400e44282f61c4",
        "type": "github"
      },
      "original": {
        "owner": "numtide",
        "repo": "treefmt-nix",
        "type": "github"
      }
    }
  },
  "root": "root",
  "version": 7
}
